
Microsoft Visual Studio Solution File, Format Version 12.00
# Visual Studio Version 17
VisualStudioVersion = 17.11.35431.28
MinimumVisualStudioVersion = 10.0.40219.1
Project("{9A19103F-16F7-4668-BE54-9A1E7A4F7556}") = "Catalogs", "Catalogs\Catalogs.csproj", "{F644F7E6-528D-4EDE-B557-4B8D4001178E}"
EndProject
Project("{9A19103F-16F7-4668-BE54-9A1E7A4F7556}") = "CatalogTest", "CatalogTest\CatalogTest.csproj", "{386BAA6B-877E-45D8-9536-784681A2B9ED}"
EndProject
Project("{FAE04EC0-301F-11D3-BF4B-00C04F79EFBC}") = "demo", "demo\demo.csproj", "{F0B201F2-8EE1-418B-82FC-3C760B9DCB1B}"
EndProject
Global
	GlobalSection(SolutionConfigurationPlatforms) = preSolution
		Debug|Any CPU = Debug|Any CPU
		Release|Any CPU = Release|Any CPU
	EndGlobalSection
	GlobalSection(ProjectConfigurationPlatforms) = postSolution
		{F644F7E6-528D-4EDE-B557-4B8D4001178E}.Debug|Any CPU.ActiveCfg = Debug|Any CPU
		{F644F7E6-528D-4EDE-B557-4B8D4001178E}.Debug|Any CPU.Build.0 = Debug|Any CPU
		{F644F7E6-528D-4EDE-B557-4B8D4001178E}.Release|Any CPU.ActiveCfg = Release|Any CPU
		{F644F7E6-528D-4EDE-B557-4B8D4001178E}.Release|Any CPU.Build.0 = Release|Any CPU
		{386BAA6B-877E-45D8-9536-784681A2B9ED}.Debug|Any CPU.ActiveCfg = Debug|Any CPU
		{386BAA6B-877E-45D8-9536-784681A2B9ED}.Debug|Any CPU.Build.0 = Debug|Any CPU
		{386BAA6B-877E-45D8-9536-784681A2B9ED}.Release|Any CPU.ActiveCfg = Release|Any CPU
		{386BAA6B-877E-45D8-9536-784681A2B9ED}.Release|Any CPU.Build.0 = Release|Any CPU
		{F0B201F2-8EE1-418B-82FC-3C760B9DCB1B}.Debug|Any CPU.ActiveCfg = Debug|Any CPU
		{F0B201F2-8EE1-418B-82FC-3C760B9DCB1B}.Debug|Any CPU.Build.0 = Debug|Any CPU
		{F0B201F2-8EE1-418B-82FC-3C760B9DCB1B}.Release|Any CPU.ActiveCfg = Release|Any CPU
		{F0B201F2-8EE1-418B-82FC-3C760B9DCB1B}.Release|Any CPU.Build.0 = Release|Any CPU
	EndGlobalSection
	GlobalSection(SolutionProperties) = preSolution
		HideSolutionNode = FALSE
	EndGlobalSection
	GlobalSection(ExtensibilityGlobals) = postSolution
		SolutionGuid = {2113D0B1-2831-4734-AF9E-5EDC74082C8C}
	EndGlobalSection
EndGlobal
